
Microsoft Visual Studio Solution File, Format Version 12.00
# Visual Studio 15
VisualStudioVersion = 15.0.28307.572
MinimumVisualStudioVersion = 10.0.40219.1
Project("{FAE04EC0-301F-11D3-BF4B-00C04F79EFBC}") = "IDCardValidator.Android", "IDCardValidator\IDCardValidator.Android\IDCardValidator.Android.csproj", "{220FF500-AC98-45D4-B8A4-850529757BAE}"
EndProject
Project("{FAE04EC0-301F-11D3-BF4B-00C04F79EFBC}") = "IDCardValidator.iOS", "IDCardValidator\IDCardValidator.iOS\IDCardValidator.iOS.csproj", "{3CA0B90E-8140-4484-9DFC-6B58F4A47A5B}"
EndProject
Project("{FAE04EC0-301F-11D3-BF4B-00C04F79EFBC}") = "IDCardValidator.UWP", "IDCardValidator\IDCardValidator.UWP\IDCardValidator.UWP.csproj", "{0B4E2B2E-F3E9-4645-B031-F108297572C0}"
EndProject
Project("{FAE04EC0-301F-11D3-BF4B-00C04F79EFBC}") = "IDCardValidator", "IDCardValidator\IDCardValidator\IDCardValidator.csproj", "{E17E90A7-E840-49B1-9F81-189B4B442681}"
EndProject
Global
	GlobalSection(SolutionConfigurationPlatforms) = preSolution
		Ad-Hoc|Any CPU = Ad-Hoc|Any CPU
		Ad-Hoc|ARM = Ad-Hoc|ARM
		Ad-Hoc|iPhone = Ad-Hoc|iPhone
		Ad-Hoc|iPhoneSimulator = Ad-Hoc|iPhoneSimulator
		Ad-Hoc|x64 = Ad-Hoc|x64
		Ad-Hoc|x86 = Ad-Hoc|x86
		AppStore|Any CPU = AppStore|Any CPU
		AppStore|ARM = AppStore|ARM
		AppStore|iPhone = AppStore|iPhone
		AppStore|iPhoneSimulator = AppStore|iPhoneSimulator
		AppStore|x64 = AppStore|x64
		AppStore|x86 = AppStore|x86
		Debug|Any CPU = Debug|Any CPU
		Debug|ARM = Debug|ARM
		Debug|iPhone = Debug|iPhone
		Debug|iPhoneSimulator = Debug|iPhoneSimulator
		Debug|x64 = Debug|x64
		Debug|x86 = Debug|x86
		Release|Any CPU = Release|Any CPU
		Release|ARM = Release|ARM
		Release|iPhone = Release|iPhone
		Release|iPhoneSimulator = Release|iPhoneSimulator
		Release|x64 = Release|x64
		Release|x86 = Release|x86
	EndGlobalSection
	GlobalSection(ProjectConfigurationPlatforms) = postSolution
		{220FF500-AC98-45D4-B8A4-850529757BAE}.Ad-Hoc|Any CPU.ActiveCfg = Release|Any CPU
		{220FF500-AC98-45D4-B8A4-850529757BAE}.Ad-Hoc|Any CPU.Build.0 = Release|Any CPU
		{220FF500-AC98-45D4-B8A4-850529757BAE}.Ad-Hoc|Any CPU.Deploy.0 = Release|Any CPU
		{220FF500-AC98-45D4-B8A4-850529757BAE}.Ad-Hoc|ARM.ActiveCfg = Release|Any CPU
		{220FF500-AC98-45D4-B8A4-850529757BAE}.Ad-Hoc|ARM.Build.0 = Release|Any CPU
		{220FF500-AC98-45D4-B8A4-850529757BAE}.Ad-Hoc|ARM.Deploy.0 = Release|Any CPU
		{220FF500-AC98-45D4-B8A4-850529757BAE}.Ad-Hoc|iPhone.ActiveCfg = Release|Any CPU
		{220FF500-AC98-45D4-B8A4-850529757BAE}.Ad-Hoc|iPhone.Build.0 = Release|Any CPU
		{220FF500-AC98-45D4-B8A4-850529757BAE}.Ad-Hoc|iPhone.Deploy.0 = Release|Any CPU
		{220FF500-AC98-45D4-B8A4-850529757BAE}.Ad-Hoc|iPhoneSimulator.ActiveCfg = Release|Any CPU
		{220FF500-AC98-45D4-B8A4-850529757BAE}.Ad-Hoc|iPhoneSimulator.Build.0 = Release|Any CPU
		{220FF500-AC98-45D4-B8A4-850529757BAE}.Ad-Hoc|iPhoneSimulator.Deploy.0 = Release|Any CPU
		{220FF500-AC98-45D4-B8A4-850529757BAE}.Ad-Hoc|x64.ActiveCfg = Release|Any CPU
		{220FF500-AC98-45D4-B8A4-850529757BAE}.Ad-Hoc|x64.Build.0 = Release|Any CPU
		{220FF500-AC98-45D4-B8A4-850529757BAE}.Ad-Hoc|x64.Deploy.0 = Release|Any CPU
		{220FF500-AC98-45D4-B8A4-850529757BAE}.Ad-Hoc|x86.ActiveCfg = Release|Any CPU
		{220FF500-AC98-45D4-B8A4-850529757BAE}.Ad-Hoc|x86.Build.0 = Release|Any CPU
		{220FF500-AC98-45D4-B8A4-850529757BAE}.Ad-Hoc|x86.Deploy.0 = Release|Any CPU
		{220FF500-AC98-45D4-B8A4-850529757BAE}.AppStore|Any CPU.ActiveCfg = Release|Any CPU
		{220FF500-AC98-45D4-B8A4-850529757BAE}.AppStore|Any CPU.Build.0 = Release|Any CPU
		{220FF500-AC98-45D4-B8A4-850529757BAE}.AppStore|Any CPU.Deploy.0 = Release|Any CPU
		{220FF500-AC98-45D4-B8A4-850529757BAE}.AppStore|ARM.ActiveCfg = Release|Any CPU
		{220FF500-AC98-45D4-B8A4-850529757BAE}.AppStore|ARM.Build.0 = Release|Any CPU
		{220FF500-AC98-45D4-B8A4-850529757BAE}.AppStore|ARM.Deploy.0 = Release|Any CPU
		{220FF500-AC98-45D4-B8A4-850529757BAE}.AppStore|iPhone.ActiveCfg = Release|Any CPU
		{220FF500-AC98-45D4-B8A4-850529757BAE}.AppStore|iPhone.Build.0 = Release|Any CPU
		{220FF500-AC98-45D4-B8A4-850529757BAE}.AppStore|iPhone.Deploy.0 = Release|Any CPU
		{220FF500-AC98-45D4-B8A4-850529757BAE}.AppStore|iPhoneSimulator.ActiveCfg = Release|Any CPU
		{220FF500-AC98-45D4-B8A4-850529757BAE}.AppStore|iPhoneSimulator.Build.0 = Release|Any CPU
		{220FF500-AC98-45D4-B8A4-850529757BAE}.AppStore|iPhoneSimulator.Deploy.0 = Release|Any CPU
		{220FF500-AC98-45D4-B8A4-850529757BAE}.AppStore|x64.ActiveCfg = Release|Any CPU
		{220FF500-AC98-45D4-B8A4-850529757BAE}.AppStore|x64.Build.0 = Release|Any CPU
		{220FF500-AC98-45D4-B8A4-850529757BAE}.AppStore|x64.Deploy.0 = Release|Any CPU
		{220FF500-AC98-45D4-B8A4-850529757BAE}.AppStore|x86.ActiveCfg = Release|Any CPU
		{220FF500-AC98-45D4-B8A4-850529757BAE}.AppStore|x86.Build.0 = Release|Any CPU
		{220FF500-AC98-45D4-B8A4-850529757BAE}.AppStore|x86.Deploy.0 = Release|Any CPU
		{220FF500-AC98-45D4-B8A4-850529757BAE}.Debug|Any CPU.ActiveCfg = Debug|Any CPU
		{220FF500-AC98-45D4-B8A4-850529757BAE}.Debug|Any CPU.Build.0 = Debug|Any CPU
		{220FF500-AC98-45D4-B8A4-850529757BAE}.Debug|Any CPU.Deploy.0 = Debug|Any CPU
		{220FF500-AC98-45D4-B8A4-850529757BAE}.Debug|ARM.ActiveCfg = Debug|Any CPU
		{220FF500-AC98-45D4-B8A4-850529757BAE}.Debug|ARM.Build.0 = Debug|Any CPU
		{220FF500-AC98-45D4-B8A4-850529757BAE}.Debug|ARM.Deploy.0 = Debug|Any CPU
		{220FF500-AC98-45D4-B8A4-850529757BAE}.Debug|iPhone.ActiveCfg = Debug|Any CPU
		{220FF500-AC98-45D4-B8A4-850529757BAE}.Debug|iPhone.Build.0 = Debug|Any CPU
		{220FF500-AC98-45D4-B8A4-850529757BAE}.Debug|iPhone.Deploy.0 = Debug|Any CPU
		{220FF500-AC98-45D4-B8A4-850529757BAE}.Debug|iPhoneSimulator.ActiveCfg = Debug|Any CPU
		{220FF500-AC98-45D4-B8A4-850529757BAE}.Debug|iPhoneSimulator.Build.0 = Debug|Any CPU
		{220FF500-AC98-45D4-B8A4-850529757BAE}.Debug|iPhoneSimulator.Deploy.0 = Debug|Any CPU
		{220FF500-AC98-45D4-B8A4-850529757BAE}.Debug|x64.ActiveCfg = Debug|Any CPU
		{220FF500-AC98-45D4-B8A4-850529757BAE}.Debug|x64.Build.0 = Debug|Any CPU
		{220FF500-AC98-45D4-B8A4-850529757BAE}.Debug|x64.Deploy.0 = Debug|Any CPU
		{220FF500-AC98-45D4-B8A4-850529757BAE}.Debug|x86.ActiveCfg = Debug|Any CPU
		{220FF500-AC98-45D4-B8A4-850529757BAE}.Debug|x86.Build.0 = Debug|Any CPU
		{220FF500-AC98-45D4-B8A4-850529757BAE}.Debug|x86.Deploy.0 = Debug|Any CPU
		{220FF500-AC98-45D4-B8A4-850529757BAE}.Release|Any CPU.ActiveCfg = Release|Any CPU
		{220FF500-AC98-45D4-B8A4-850529757BAE}.Release|Any CPU.Build.0 = Release|Any CPU
		{220FF500-AC98-45D4-B8A4-850529757BAE}.Release|Any CPU.Deploy.0 = Release|Any CPU
		{220FF500-AC98-45D4-B8A4-850529757BAE}.Release|ARM.ActiveCfg = Release|Any CPU
		{220FF500-AC98-45D4-B8A4-850529757BAE}.Release|ARM.Build.0 = Release|Any CPU
		{220FF500-AC98-45D4-B8A4-850529757BAE}.Release|ARM.Deploy.0 = Release|Any CPU
		{220FF500-AC98-45D4-B8A4-850529757BAE}.Release|iPhone.ActiveCfg = Release|Any CPU
		{220FF500-AC98-45D4-B8A4-850529757BAE}.Release|iPhone.Build.0 = Release|Any CPU
		{220FF500-AC98-45D4-B8A4-850529757BAE}.Release|iPhone.Deploy.0 = Release|Any CPU
		{220FF500-AC98-45D4-B8A4-850529757BAE}.Release|iPhoneSimulator.ActiveCfg = Release|Any CPU
		{220FF500-AC98-45D4-B8A4-850529757BAE}.Release|iPhoneSimulator.Build.0 = Release|Any CPU
		{220FF500-AC98-45D4-B8A4-850529757BAE}.Release|iPhoneSimulator.Deploy.0 = Release|Any CPU
		{220FF500-AC98-45D4-B8A4-850529757BAE}.Release|x64.ActiveCfg = Release|Any CPU
		{220FF500-AC98-45D4-B8A4-850529757BAE}.Release|x64.Build.0 = Release|Any CPU
		{220FF500-AC98-45D4-B8A4-850529757BAE}.Release|x64.Deploy.0 = Release|Any CPU
		{220FF500-AC98-45D4-B8A4-850529757BAE}.Release|x86.ActiveCfg = Release|Any CPU
		{220FF500-AC98-45D4-B8A4-850529757BAE}.Release|x86.Build.0 = Release|Any CPU
		{220FF500-AC98-45D4-B8A4-850529757BAE}.Release|x86.Deploy.0 = Release|Any CPU
		{3CA0B90E-8140-4484-9DFC-6B58F4A47A5B}.Ad-Hoc|Any CPU.ActiveCfg = Ad-Hoc|iPhone
		{3CA0B90E-8140-4484-9DFC-6B58F4A47A5B}.Ad-Hoc|Any CPU.Build.0 = Ad-Hoc|iPhone
		{3CA0B90E-8140-4484-9DFC-6B58F4A47A5B}.Ad-Hoc|Any CPU.Deploy.0 = Ad-Hoc|iPhone
		{3CA0B90E-8140-4484-9DFC-6B58F4A47A5B}.Ad-Hoc|ARM.ActiveCfg = Ad-Hoc|iPhone
		{3CA0B90E-8140-4484-9DFC-6B58F4A47A5B}.Ad-Hoc|ARM.Build.0 = Ad-Hoc|iPhone
		{3CA0B90E-8140-4484-9DFC-6B58F4A47A5B}.Ad-Hoc|ARM.Deploy.0 = Ad-Hoc|iPhone
		{3CA0B90E-8140-4484-9DFC-6B58F4A47A5B}.Ad-Hoc|iPhone.ActiveCfg = Ad-Hoc|iPhone
		{3CA0B90E-8140-4484-9DFC-6B58F4A47A5B}.Ad-Hoc|iPhone.Build.0 = Ad-Hoc|iPhone
		{3CA0B90E-8140-4484-9DFC-6B58F4A47A5B}.Ad-Hoc|iPhone.Deploy.0 = Ad-Hoc|iPhone
		{3CA0B90E-8140-4484-9DFC-6B58F4A47A5B}.Ad-Hoc|iPhoneSimulator.ActiveCfg = Ad-Hoc|iPhoneSimulator
		{3CA0B90E-8140-4484-9DFC-6B58F4A47A5B}.Ad-Hoc|iPhoneSimulator.Build.0 = Ad-Hoc|iPhoneSimulator
		{3CA0B90E-8140-4484-9DFC-6B58F4A47A5B}.Ad-Hoc|iPhoneSimulator.Deploy.0 = Ad-Hoc|iPhoneSimulator
		{3CA0B90E-8140-4484-9DFC-6B58F4A47A5B}.Ad-Hoc|x64.ActiveCfg = Ad-Hoc|iPhone
		{3CA0B90E-8140-4484-9DFC-6B58F4A47A5B}.Ad-Hoc|x64.Build.0 = Ad-Hoc|iPhone
		{3CA0B90E-8140-4484-9DFC-6B58F4A47A5B}.Ad-Hoc|x64.Deploy.0 = Ad-Hoc|iPhone
		{3CA0B90E-8140-4484-9DFC-6B58F4A47A5B}.Ad-Hoc|x86.ActiveCfg = Ad-Hoc|iPhone
		{3CA0B90E-8140-4484-9DFC-6B58F4A47A5B}.Ad-Hoc|x86.Build.0 = Ad-Hoc|iPhone
		{3CA0B90E-8140-4484-9DFC-6B58F4A47A5B}.Ad-Hoc|x86.Deploy.0 = Ad-Hoc|iPhone
		{3CA0B90E-8140-4484-9DFC-6B58F4A47A5B}.AppStore|Any CPU.ActiveCfg = AppStore|iPhone
		{3CA0B90E-8140-4484-9DFC-6B58F4A47A5B}.AppStore|Any CPU.Build.0 = AppStore|iPhone
		{3CA0B90E-8140-4484-9DFC-6B58F4A47A5B}.AppStore|Any CPU.Deploy.0 = AppStore|iPhone
		{3CA0B90E-8140-4484-9DFC-6B58F4A47A5B}.AppStore|ARM.ActiveCfg = AppStore|iPhone
		{3CA0B90E-8140-4484-9DFC-6B58F4A47A5B}.AppStore|ARM.Build.0 = AppStore|iPhone
		{3CA0B90E-8140-4484-9DFC-6B58F4A47A5B}.AppStore|ARM.Deploy.0 = AppStore|iPhone
		{3CA0B90E-8140-4484-9DFC-6B58F4A47A5B}.AppStore|iPhone.ActiveCfg = AppStore|iPhone
		{3CA0B90E-8140-4484-9DFC-6B58F4A47A5B}.AppStore|iPhone.Build.0 = AppStore|iPhone
		{3CA0B90E-8140-4484-9DFC-6B58F4A47A5B}.AppStore|iPhone.Deploy.0 = AppStore|iPhone
		{3CA0B90E-8140-4484-9DFC-6B58F4A47A5B}.AppStore|iPhoneSimulator.ActiveCfg = AppStore|iPhoneSimulator
		{3CA0B90E-8140-4484-9DFC-6B58F4A47A5B}.AppStore|iPhoneSimulator.Build.0 = AppStore|iPhoneSimulator
		{3CA0B90E-8140-4484-9DFC-6B58F4A47A5B}.AppStore|iPhoneSimulator.Deploy.0 = AppStore|iPhoneSimulator
		{3CA0B90E-8140-4484-9DFC-6B58F4A47A5B}.AppStore|x64.ActiveCfg = AppStore|iPhone
		{3CA0B90E-8140-4484-9DFC-6B58F4A47A5B}.AppStore|x64.Build.0 = AppStore|iPhone
		{3CA0B90E-8140-4484-9DFC-6B58F4A47A5B}.AppStore|x64.Deploy.0 = AppStore|iPhone
		{3CA0B90E-8140-4484-9DFC-6B58F4A47A5B}.AppStore|x86.ActiveCfg = AppStore|iPhone
		{3CA0B90E-8140-4484-9DFC-6B58F4A47A5B}.AppStore|x86.Build.0 = AppStore|iPhone
		{3CA0B90E-8140-4484-9DFC-6B58F4A47A5B}.AppStore|x86.Deploy.0 = AppStore|iPhone
		{3CA0B90E-8140-4484-9DFC-6B58F4A47A5B}.Debug|Any CPU.ActiveCfg = Debug|iPhoneSimulator
		{3CA0B90E-8140-4484-9DFC-6B58F4A47A5B}.Debug|Any CPU.Build.0 = Debug|iPhoneSimulator
		{3CA0B90E-8140-4484-9DFC-6B58F4A47A5B}.Debug|Any CPU.Deploy.0 = Debug|iPhoneSimulator
		{3CA0B90E-8140-4484-9DFC-6B58F4A47A5B}.Debug|ARM.ActiveCfg = Debug|iPhone
		{3CA0B90E-8140-4484-9DFC-6B58F4A47A5B}.Debug|ARM.Build.0 = Debug|iPhone
		{3CA0B90E-8140-4484-9DFC-6B58F4A47A5B}.Debug|ARM.Deploy.0 = Debug|iPhone
		{3CA0B90E-8140-4484-9DFC-6B58F4A47A5B}.Debug|iPhone.ActiveCfg = Debug|iPhone
		{3CA0B90E-8140-4484-9DFC-6B58F4A47A5B}.Debug|iPhone.Build.0 = Debug|iPhone
		{3CA0B90E-8140-4484-9DFC-6B58F4A47A5B}.Debug|iPhone.Deploy.0 = Debug|iPhone
		{3CA0B90E-8140-4484-9DFC-6B58F4A47A5B}.Debug|iPhoneSimulator.ActiveCfg = Debug|iPhoneSimulator
		{3CA0B90E-8140-4484-9DFC-6B58F4A47A5B}.Debug|iPhoneSimulator.Build.0 = Debug|iPhoneSimulator
		{3CA0B90E-8140-4484-9DFC-6B58F4A47A5B}.Debug|iPhoneSimulator.Deploy.0 = Debug|iPhoneSimulator
		{3CA0B90E-8140-4484-9DFC-6B58F4A47A5B}.Debug|x64.ActiveCfg = Debug|iPhone
		{3CA0B90E-8140-4484-9DFC-6B58F4A47A5B}.Debug|x64.Build.0 = Debug|iPhone
		{3CA0B90E-8140-4484-9DFC-6B58F4A47A5B}.Debug|x64.Deploy.0 = Debug|iPhone
		{3CA0B90E-8140-4484-9DFC-6B58F4A47A5B}.Debug|x86.ActiveCfg = Debug|iPhone
		{3CA0B90E-8140-4484-9DFC-6B58F4A47A5B}.Debug|x86.Build.0 = Debug|iPhone
		{3CA0B90E-8140-4484-9DFC-6B58F4A47A5B}.Debug|x86.Deploy.0 = Debug|iPhone
		{3CA0B90E-8140-4484-9DFC-6B58F4A47A5B}.Release|Any CPU.ActiveCfg = Release|iPhone
		{3CA0B90E-8140-4484-9DFC-6B58F4A47A5B}.Release|Any CPU.Build.0 = Release|iPhone
		{3CA0B90E-8140-4484-9DFC-6B58F4A47A5B}.Release|Any CPU.Deploy.0 = Release|iPhone
		{3CA0B90E-8140-4484-9DFC-6B58F4A47A5B}.Release|ARM.ActiveCfg = Release|iPhone
		{3CA0B90E-8140-4484-9DFC-6B58F4A47A5B}.Release|ARM.Build.0 = Release|iPhone
		{3CA0B90E-8140-4484-9DFC-6B58F4A47A5B}.Release|ARM.Deploy.0 = Release|iPhone
		{3CA0B90E-8140-4484-9DFC-6B58F4A47A5B}.Release|iPhone.ActiveCfg = Release|iPhone
		{3CA0B90E-8140-4484-9DFC-6B58F4A47A5B}.Release|iPhone.Build.0 = Release|iPhone
		{3CA0B90E-8140-4484-9DFC-6B58F4A47A5B}.Release|iPhone.Deploy.0 = Release|iPhone
		{3CA0B90E-8140-4484-9DFC-6B58F4A47A5B}.Release|iPhoneSimulator.ActiveCfg = Release|iPhoneSimulator
		{3CA0B90E-8140-4484-9DFC-6B58F4A47A5B}.Release|iPhoneSimulator.Build.0 = Release|iPhoneSimulator
		{3CA0B90E-8140-4484-9DFC-6B58F4A47A5B}.Release|iPhoneSimulator.Deploy.0 = Release|iPhoneSimulator
		{3CA0B90E-8140-4484-9DFC-6B58F4A47A5B}.Release|x64.ActiveCfg = Release|iPhone
		{3CA0B90E-8140-4484-9DFC-6B58F4A47A5B}.Release|x64.Build.0 = Release|iPhone
		{3CA0B90E-8140-4484-9DFC-6B58F4A47A5B}.Release|x64.Deploy.0 = Release|iPhone
		{3CA0B90E-8140-4484-9DFC-6B58F4A47A5B}.Release|x86.ActiveCfg = Release|iPhone
		{3CA0B90E-8140-4484-9DFC-6B58F4A47A5B}.Release|x86.Build.0 = Release|iPhone
		{3CA0B90E-8140-4484-9DFC-6B58F4A47A5B}.Release|x86.Deploy.0 = Release|iPhone
		{0B4E2B2E-F3E9-4645-B031-F108297572C0}.Ad-Hoc|Any CPU.ActiveCfg = Release|x86
		{0B4E2B2E-F3E9-4645-B031-F108297572C0}.Ad-Hoc|Any CPU.Build.0 = Release|x86
		{0B4E2B2E-F3E9-4645-B031-F108297572C0}.Ad-Hoc|Any CPU.Deploy.0 = Release|x86
		{0B4E2B2E-F3E9-4645-B031-F108297572C0}.Ad-Hoc|ARM.ActiveCfg = Release|ARM
		{0B4E2B2E-F3E9-4645-B031-F108297572C0}.Ad-Hoc|ARM.Build.0 = Release|ARM
		{0B4E2B2E-F3E9-4645-B031-F108297572C0}.Ad-Hoc|ARM.Deploy.0 = Release|ARM
		{0B4E2B2E-F3E9-4645-B031-F108297572C0}.Ad-Hoc|iPhone.ActiveCfg = Release|x86
		{0B4E2B2E-F3E9-4645-B031-F108297572C0}.Ad-Hoc|iPhone.Build.0 = Release|x86
		{0B4E2B2E-F3E9-4645-B031-F108297572C0}.Ad-Hoc|iPhone.Deploy.0 = Release|x86
		{0B4E2B2E-F3E9-4645-B031-F108297572C0}.Ad-Hoc|iPhoneSimulator.ActiveCfg = Release|x86
		{0B4E2B2E-F3E9-4645-B031-F108297572C0}.Ad-Hoc|iPhoneSimulator.Build.0 = Release|x86
		{0B4E2B2E-F3E9-4645-B031-F108297572C0}.Ad-Hoc|iPhoneSimulator.Deploy.0 = Release|x86
		{0B4E2B2E-F3E9-4645-B031-F108297572C0}.Ad-Hoc|x64.ActiveCfg = Release|x64
		{0B4E2B2E-F3E9-4645-B031-F108297572C0}.Ad-Hoc|x64.Build.0 = Release|x64
		{0B4E2B2E-F3E9-4645-B031-F108297572C0}.Ad-Hoc|x64.Deploy.0 = Release|x64
		{0B4E2B2E-F3E9-4645-B031-F108297572C0}.Ad-Hoc|x86.ActiveCfg = Release|x86
		{0B4E2B2E-F3E9-4645-B031-F108297572C0}.Ad-Hoc|x86.Build.0 = Release|x86
		{0B4E2B2E-F3E9-4645-B031-F108297572C0}.Ad-Hoc|x86.Deploy.0 = Release|x86
		{0B4E2B2E-F3E9-4645-B031-F108297572C0}.AppStore|Any CPU.ActiveCfg = Release|x86
		{0B4E2B2E-F3E9-4645-B031-F108297572C0}.AppStore|Any CPU.Build.0 = Release|x86
		{0B4E2B2E-F3E9-4645-B031-F108297572C0}.AppStore|Any CPU.Deploy.0 = Release|x86
		{0B4E2B2E-F3E9-4645-B031-F108297572C0}.AppStore|ARM.ActiveCfg = Release|ARM
		{0B4E2B2E-F3E9-4645-B031-F108297572C0}.AppStore|ARM.Build.0 = Release|ARM
		{0B4E2B2E-F3E9-4645-B031-F108297572C0}.AppStore|ARM.Deploy.0 = Release|ARM
		{0B4E2B2E-F3E9-4645-B031-F108297572C0}.AppStore|iPhone.ActiveCfg = Release|x86
		{0B4E2B2E-F3E9-4645-B031-F108297572C0}.AppStore|iPhone.Build.0 = Release|x86
		{0B4E2B2E-F3E9-4645-B031-F108297572C0}.AppStore|iPhone.Deploy.0 = Release|x86
		{0B4E2B2E-F3E9-4645-B031-F108297572C0}.AppStore|iPhoneSimulator.ActiveCfg = Release|x86
		{0B4E2B2E-F3E9-4645-B031-F108297572C0}.AppStore|iPhoneSimulator.Build.0 = Release|x86
		{0B4E2B2E-F3E9-4645-B031-F108297572C0}.AppStore|iPhoneSimulator.Deploy.0 = Release|x86
		{0B4E2B2E-F3E9-4645-B031-F108297572C0}.AppStore|x64.ActiveCfg = Release|x64
		{0B4E2B2E-F3E9-4645-B031-F108297572C0}.AppStore|x64.Build.0 = Release|x64
		{0B4E2B2E-F3E9-4645-B031-F108297572C0}.AppStore|x64.Deploy.0 = Release|x64
		{0B4E2B2E-F3E9-4645-B031-F108297572C0}.AppStore|x86.ActiveCfg = Release|x86
		{0B4E2B2E-F3E9-4645-B031-F108297572C0}.AppStore|x86.Build.0 = Release|x86
		{0B4E2B2E-F3E9-4645-B031-F108297572C0}.AppStore|x86.Deploy.0 = Release|x86
		{0B4E2B2E-F3E9-4645-B031-F108297572C0}.Debug|Any CPU.ActiveCfg = Debug|x86
		{0B4E2B2E-F3E9-4645-B031-F108297572C0}.Debug|Any CPU.Build.0 = Debug|x86
		{0B4E2B2E-F3E9-4645-B031-F108297572C0}.Debug|Any CPU.Deploy.0 = Debug|x86
		{0B4E2B2E-F3E9-4645-B031-F108297572C0}.Debug|ARM.ActiveCfg = Debug|ARM
		{0B4E2B2E-F3E9-4645-B031-F108297572C0}.Debug|ARM.Build.0 = Debug|ARM
		{0B4E2B2E-F3E9-4645-B031-F108297572C0}.Debug|ARM.Deploy.0 = Debug|ARM
		{0B4E2B2E-F3E9-4645-B031-F108297572C0}.Debug|iPhone.ActiveCfg = Debug|x86
		{0B4E2B2E-F3E9-4645-B031-F108297572C0}.Debug|iPhone.Build.0 = Debug|x86
		{0B4E2B2E-F3E9-4645-B031-F108297572C0}.Debug|iPhone.Deploy.0 = Debug|x86
		{0B4E2B2E-F3E9-4645-B031-F108297572C0}.Debug|iPhoneSimulator.ActiveCfg = Debug|x86
		{0B4E2B2E-F3E9-4645-B031-F108297572C0}.Debug|iPhoneSimulator.Build.0 = Debug|x86
		{0B4E2B2E-F3E9-4645-B031-F108297572C0}.Debug|iPhoneSimulator.Deploy.0 = Debug|x86
		{0B4E2B2E-F3E9-4645-B031-F108297572C0}.Debug|x64.ActiveCfg = Debug|x64
		{0B4E2B2E-F3E9-4645-B031-F108297572C0}.Debug|x64.Build.0 = Debug|x64
		{0B4E2B2E-F3E9-4645-B031-F108297572C0}.Debug|x64.Deploy.0 = Debug|x64
		{0B4E2B2E-F3E9-4645-B031-F108297572C0}.Debug|x86.ActiveCfg = Debug|x86
		{0B4E2B2E-F3E9-4645-B031-F108297572C0}.Debug|x86.Build.0 = Debug|x86
		{0B4E2B2E-F3E9-4645-B031-F108297572C0}.Debug|x86.Deploy.0 = Debug|x86
		{0B4E2B2E-F3E9-4645-B031-F108297572C0}.Release|Any CPU.ActiveCfg = Release|x86
		{0B4E2B2E-F3E9-4645-B031-F108297572C0}.Release|Any CPU.Build.0 = Release|x86
		{0B4E2B2E-F3E9-4645-B031-F108297572C0}.Release|Any CPU.Deploy.0 = Release|x86
		{0B4E2B2E-F3E9-4645-B031-F108297572C0}.Release|ARM.ActiveCfg = Release|ARM
		{0B4E2B2E-F3E9-4645-B031-F108297572C0}.Release|ARM.Build.0 = Release|ARM
		{0B4E2B2E-F3E9-4645-B031-F108297572C0}.Release|ARM.Deploy.0 = Release|ARM
		{0B4E2B2E-F3E9-4645-B031-F108297572C0}.Release|iPhone.ActiveCfg = Release|x86
		{0B4E2B2E-F3E9-4645-B031-F108297572C0}.Release|iPhone.Build.0 = Release|x86
		{0B4E2B2E-F3E9-4645-B031-F108297572C0}.Release|iPhone.Deploy.0 = Release|x86
		{0B4E2B2E-F3E9-4645-B031-F108297572C0}.Release|iPhoneSimulator.ActiveCfg = Release|x86
		{0B4E2B2E-F3E9-4645-B031-F108297572C0}.Release|iPhoneSimulator.Build.0 = Release|x86
		{0B4E2B2E-F3E9-4645-B031-F108297572C0}.Release|iPhoneSimulator.Deploy.0 = Release|x86
		{0B4E2B2E-F3E9-4645-B031-F108297572C0}.Release|x64.ActiveCfg = Release|x64
		{0B4E2B2E-F3E9-4645-B031-F108297572C0}.Release|x64.Build.0 = Release|x64
		{0B4E2B2E-F3E9-4645-B031-F108297572C0}.Release|x64.Deploy.0 = Release|x64
		{0B4E2B2E-F3E9-4645-B031-F108297572C0}.Release|x86.ActiveCfg = Release|x86
		{0B4E2B2E-F3E9-4645-B031-F108297572C0}.Release|x86.Build.0 = Release|x86
		{0B4E2B2E-F3E9-4645-B031-F108297572C0}.Release|x86.Deploy.0 = Release|x86
		{E17E90A7-E840-49B1-9F81-189B4B442681}.Ad-Hoc|Any CPU.ActiveCfg = Debug|Any CPU
		{E17E90A7-E840-49B1-9F81-189B4B442681}.Ad-Hoc|Any CPU.Build.0 = Debug|Any CPU
		{E17E90A7-E840-49B1-9F81-189B4B442681}.Ad-Hoc|Any CPU.Deploy.0 = Debug|Any CPU
		{E17E90A7-E840-49B1-9F81-189B4B442681}.Ad-Hoc|ARM.ActiveCfg = Debug|Any CPU
		{E17E90A7-E840-49B1-9F81-189B4B442681}.Ad-Hoc|ARM.Build.0 = Debug|Any CPU
		{E17E90A7-E840-49B1-9F81-189B4B442681}.Ad-Hoc|ARM.Deploy.0 = Debug|Any CPU
		{E17E90A7-E840-49B1-9F81-189B4B442681}.Ad-Hoc|iPhone.ActiveCfg = Debug|Any CPU
		{E17E90A7-E840-49B1-9F81-189B4B442681}.Ad-Hoc|iPhone.Build.0 = Debug|Any CPU
		{E17E90A7-E840-49B1-9F81-189B4B442681}.Ad-Hoc|iPhone.Deploy.0 = Debug|Any CPU
		{E17E90A7-E840-49B1-9F81-189B4B442681}.Ad-Hoc|iPhoneSimulator.ActiveCfg = Debug|Any CPU
		{E17E90A7-E840-49B1-9F81-189B4B442681}.Ad-Hoc|iPhoneSimulator.Build.0 = Debug|Any CPU
		{E17E90A7-E840-49B1-9F81-189B4B442681}.Ad-Hoc|iPhoneSimulator.Deploy.0 = Debug|Any CPU
		{E17E90A7-E840-49B1-9F81-189B4B442681}.Ad-Hoc|x64.ActiveCfg = Debug|Any CPU
		{E17E90A7-E840-49B1-9F81-189B4B442681}.Ad-Hoc|x64.Build.0 = Debug|Any CPU
		{E17E90A7-E840-49B1-9F81-189B4B442681}.Ad-Hoc|x64.Deploy.0 = Debug|Any CPU
		{E17E90A7-E840-49B1-9F81-189B4B442681}.Ad-Hoc|x86.ActiveCfg = Debug|Any CPU
		{E17E90A7-E840-49B1-9F81-189B4B442681}.Ad-Hoc|x86.Build.0 = Debug|Any CPU
		{E17E90A7-E840-49B1-9F81-189B4B442681}.Ad-Hoc|x86.Deploy.0 = Debug|Any CPU
		{E17E90A7-E840-49B1-9F81-189B4B442681}.AppStore|Any CPU.ActiveCfg = Debug|Any CPU
		{E17E90A7-E840-49B1-9F81-189B4B442681}.AppStore|Any CPU.Build.0 = Debug|Any CPU
		{E17E90A7-E840-49B1-9F81-189B4B442681}.AppStore|Any CPU.Deploy.0 = Debug|Any CPU
		{E17E90A7-E840-49B1-9F81-189B4B442681}.AppStore|ARM.ActiveCfg = Debug|Any CPU
		{E17E90A7-E840-49B1-9F81-189B4B442681}.AppStore|ARM.Build.0 = Debug|Any CPU
		{E17E90A7-E840-49B1-9F81-189B4B442681}.AppStore|ARM.Deploy.0 = Debug|Any CPU
		{E17E90A7-E840-49B1-9F81-189B4B442681}.AppStore|iPhone.ActiveCfg = Debug|Any CPU
		{E17E90A7-E840-49B1-9F81-189B4B442681}.AppStore|iPhone.Build.0 = Debug|Any CPU
		{E17E90A7-E840-49B1-9F81-189B4B442681}.AppStore|iPhone.Deploy.0 = Debug|Any CPU
		{E17E90A7-E840-49B1-9F81-189B4B442681}.AppStore|iPhoneSimulator.ActiveCfg = Debug|Any CPU
		{E17E90A7-E840-49B1-9F81-189B4B442681}.AppStore|iPhoneSimulator.Build.0 = Debug|Any CPU
		{E17E90A7-E840-49B1-9F81-189B4B442681}.AppStore|iPhoneSimulator.Deploy.0 = Debug|Any CPU
		{E17E90A7-E840-49B1-9F81-189B4B442681}.AppStore|x64.ActiveCfg = Debug|Any CPU
		{E17E90A7-E840-49B1-9F81-189B4B442681}.AppStore|x64.Build.0 = Debug|Any CPU
		{E17E90A7-E840-49B1-9F81-189B4B442681}.AppStore|x64.Deploy.0 = Debug|Any CPU
		{E17E90A7-E840-49B1-9F81-189B4B442681}.AppStore|x86.ActiveCfg = Debug|Any CPU
		{E17E90A7-E840-49B1-9F81-189B4B442681}.AppStore|x86.Build.0 = Debug|Any CPU
		{E17E90A7-E840-49B1-9F81-189B4B442681}.AppStore|x86.Deploy.0 = Debug|Any CPU
		{E17E90A7-E840-49B1-9F81-189B4B442681}.Debug|Any CPU.ActiveCfg = Debug|Any CPU
		{E17E90A7-E840-49B1-9F81-189B4B442681}.Debug|Any CPU.Build.0 = Debug|Any CPU
		{E17E90A7-E840-49B1-9F81-189B4B442681}.Debug|Any CPU.Deploy.0 = Debug|Any CPU
		{E17E90A7-E840-49B1-9F81-189B4B442681}.Debug|ARM.ActiveCfg = Debug|Any CPU
		{E17E90A7-E840-49B1-9F81-189B4B442681}.Debug|ARM.Build.0 = Debug|Any CPU
		{E17E90A7-E840-49B1-9F81-189B4B442681}.Debug|ARM.Deploy.0 = Debug|Any CPU
		{E17E90A7-E840-49B1-9F81-189B4B442681}.Debug|iPhone.ActiveCfg = Debug|Any CPU
		{E17E90A7-E840-49B1-9F81-189B4B442681}.Debug|iPhone.Build.0 = Debug|Any CPU
		{E17E90A7-E840-49B1-9F81-189B4B442681}.Debug|iPhone.Deploy.0 = Debug|Any CPU
		{E17E90A7-E840-49B1-9F81-189B4B442681}.Debug|iPhoneSimulator.ActiveCfg = Debug|Any CPU
		{E17E90A7-E840-49B1-9F81-189B4B442681}.Debug|iPhoneSimulator.Build.0 = Debug|Any CPU
		{E17E90A7-E840-49B1-9F81-189B4B442681}.Debug|iPhoneSimulator.Deploy.0 = Debug|Any CPU
		{E17E90A7-E840-49B1-9F81-189B4B442681}.Debug|x64.ActiveCfg = Debug|Any CPU
		{E17E90A7-E840-49B1-9F81-189B4B442681}.Debug|x64.Build.0 = Debug|Any CPU
		{E17E90A7-E840-49B1-9F81-189B4B442681}.Debug|x64.Deploy.0 = Debug|Any CPU
		{E17E90A7-E840-49B1-9F81-189B4B442681}.Debug|x86.ActiveCfg = Debug|Any CPU
		{E17E90A7-E840-49B1-9F81-189B4B442681}.Debug|x86.Build.0 = Debug|Any CPU
		{E17E90A7-E840-49B1-9F81-189B4B442681}.Debug|x86.Deploy.0 = Debug|Any CPU
		{E17E90A7-E840-49B1-9F81-189B4B442681}.Release|Any CPU.ActiveCfg = Release|Any CPU
		{E17E90A7-E840-49B1-9F81-189B4B442681}.Release|Any CPU.Build.0 = Release|Any CPU
		{E17E90A7-E840-49B1-9F81-189B4B442681}.Release|Any CPU.Deploy.0 = Release|Any CPU
		{E17E90A7-E840-49B1-9F81-189B4B442681}.Release|ARM.ActiveCfg = Release|Any CPU
		{E17E90A7-E840-49B1-9F81-189B4B442681}.Release|ARM.Build.0 = Release|Any CPU
		{E17E90A7-E840-49B1-9F81-189B4B442681}.Release|ARM.Deploy.0 = Release|Any CPU
		{E17E90A7-E840-49B1-9F81-189B4B442681}.Release|iPhone.ActiveCfg = Release|Any CPU
		{E17E90A7-E840-49B1-9F81-189B4B442681}.Release|iPhone.Build.0 = Release|Any CPU
		{E17E90A7-E840-49B1-9F81-189B4B442681}.Release|iPhone.Deploy.0 = Release|Any CPU
		{E17E90A7-E840-49B1-9F81-189B4B442681}.Release|iPhoneSimulator.ActiveCfg = Release|Any CPU
		{E17E90A7-E840-49B1-9F81-189B4B442681}.Release|iPhoneSimulator.Build.0 = Release|Any CPU
		{E17E90A7-E840-49B1-9F81-189B4B442681}.Release|iPhoneSimulator.Deploy.0 = Release|Any CPU
		{E17E90A7-E840-49B1-9F81-189B4B442681}.Release|x64.ActiveCfg = Release|Any CPU
		{E17E90A7-E840-49B1-9F81-189B4B442681}.Release|x64.Build.0 = Release|Any CPU
		{E17E90A7-E840-49B1-9F81-189B4B442681}.Release|x64.Deploy.0 = Release|Any CPU
		{E17E90A7-E840-49B1-9F81-189B4B442681}.Release|x86.ActiveCfg = Release|Any CPU
		{E17E90A7-E840-49B1-9F81-189B4B442681}.Release|x86.Build.0 = Release|Any CPU
		{E17E90A7-E840-49B1-9F81-189B4B442681}.Release|x86.Deploy.0 = Release|Any CPU
	EndGlobalSection
	GlobalSection(SolutionProperties) = preSolution
		HideSolutionNode = FALSE
	EndGlobalSection
	GlobalSection(ExtensibilityGlobals) = postSolution
		SolutionGuid = {F13F3548-A249-4399-9D0F-9F97405F5B6A}
	EndGlobalSection
EndGlobal
