
Microsoft Visual Studio Solution File, Format Version 12.00
# Visual Studio Version 16
VisualStudioVersion = 16.0.28803.352
MinimumVisualStudioVersion = 10.0.40219.1
Project("{FAE04EC0-301F-11D3-BF4B-00C04F79EFBC}") = "IdentityCardValidator.UWP", "IdentityCardValidator\IdentityCardValidator.UWP\IdentityCardValidator.UWP.csproj", "{2F1E4B7D-BAA6-47FA-9BB7-F7BB01F1489D}"
EndProject
Project("{FAE04EC0-301F-11D3-BF4B-00C04F79EFBC}") = "IdentityCardValidator.Android", "IdentityCardValidator\IdentityCardValidator.Android\IdentityCardValidator.Android.csproj", "{E0E5F23D-E68C-41B8-AF27-B79BFC64FB60}"
EndProject
Project("{FAE04EC0-301F-11D3-BF4B-00C04F79EFBC}") = "IdentityCardValidator.iOS", "IdentityCardValidator\IdentityCardValidator.iOS\IdentityCardValidator.iOS.csproj", "{902672C3-A995-44CA-8733-FD02019B2600}"
EndProject
Project("{FAE04EC0-301F-11D3-BF4B-00C04F79EFBC}") = "IdentityCardValidator", "IdentityCardValidator\IdentityCardValidator\IdentityCardValidator.csproj", "{8E48A4B9-C4E0-4335-83E2-DDA92857B764}"
EndProject
Global
	GlobalSection(SolutionConfigurationPlatforms) = preSolution
		Debug|Any CPU = Debug|Any CPU
		Debug|ARM = Debug|ARM
		Debug|iPhone = Debug|iPhone
		Debug|iPhoneSimulator = Debug|iPhoneSimulator
		Debug|x64 = Debug|x64
		Debug|x86 = Debug|x86
		Release|Any CPU = Release|Any CPU
		Release|ARM = Release|ARM
		Release|iPhone = Release|iPhone
		Release|iPhoneSimulator = Release|iPhoneSimulator
		Release|x64 = Release|x64
		Release|x86 = Release|x86
	EndGlobalSection
	GlobalSection(ProjectConfigurationPlatforms) = postSolution
		{2F1E4B7D-BAA6-47FA-9BB7-F7BB01F1489D}.Debug|Any CPU.ActiveCfg = Debug|x86
		{2F1E4B7D-BAA6-47FA-9BB7-F7BB01F1489D}.Debug|Any CPU.Build.0 = Debug|x86
		{2F1E4B7D-BAA6-47FA-9BB7-F7BB01F1489D}.Debug|Any CPU.Deploy.0 = Debug|x86
		{2F1E4B7D-BAA6-47FA-9BB7-F7BB01F1489D}.Debug|ARM.ActiveCfg = Debug|ARM
		{2F1E4B7D-BAA6-47FA-9BB7-F7BB01F1489D}.Debug|ARM.Build.0 = Debug|ARM
		{2F1E4B7D-BAA6-47FA-9BB7-F7BB01F1489D}.Debug|ARM.Deploy.0 = Debug|ARM
		{2F1E4B7D-BAA6-47FA-9BB7-F7BB01F1489D}.Debug|iPhone.ActiveCfg = Debug|x86
		{2F1E4B7D-BAA6-47FA-9BB7-F7BB01F1489D}.Debug|iPhone.Build.0 = Debug|x86
		{2F1E4B7D-BAA6-47FA-9BB7-F7BB01F1489D}.Debug|iPhone.Deploy.0 = Debug|x86
		{2F1E4B7D-BAA6-47FA-9BB7-F7BB01F1489D}.Debug|iPhoneSimulator.ActiveCfg = Debug|x86
		{2F1E4B7D-BAA6-47FA-9BB7-F7BB01F1489D}.Debug|iPhoneSimulator.Build.0 = Debug|x86
		{2F1E4B7D-BAA6-47FA-9BB7-F7BB01F1489D}.Debug|iPhoneSimulator.Deploy.0 = Debug|x86
		{2F1E4B7D-BAA6-47FA-9BB7-F7BB01F1489D}.Debug|x64.ActiveCfg = Debug|x64
		{2F1E4B7D-BAA6-47FA-9BB7-F7BB01F1489D}.Debug|x64.Build.0 = Debug|x64
		{2F1E4B7D-BAA6-47FA-9BB7-F7BB01F1489D}.Debug|x64.Deploy.0 = Debug|x64
		{2F1E4B7D-BAA6-47FA-9BB7-F7BB01F1489D}.Debug|x86.ActiveCfg = Debug|x86
		{2F1E4B7D-BAA6-47FA-9BB7-F7BB01F1489D}.Debug|x86.Build.0 = Debug|x86
		{2F1E4B7D-BAA6-47FA-9BB7-F7BB01F1489D}.Debug|x86.Deploy.0 = Debug|x86
		{2F1E4B7D-BAA6-47FA-9BB7-F7BB01F1489D}.Release|Any CPU.ActiveCfg = Release|x86
		{2F1E4B7D-BAA6-47FA-9BB7-F7BB01F1489D}.Release|Any CPU.Build.0 = Release|x86
		{2F1E4B7D-BAA6-47FA-9BB7-F7BB01F1489D}.Release|Any CPU.Deploy.0 = Release|x86
		{2F1E4B7D-BAA6-47FA-9BB7-F7BB01F1489D}.Release|ARM.ActiveCfg = Release|ARM
		{2F1E4B7D-BAA6-47FA-9BB7-F7BB01F1489D}.Release|ARM.Build.0 = Release|ARM
		{2F1E4B7D-BAA6-47FA-9BB7-F7BB01F1489D}.Release|ARM.Deploy.0 = Release|ARM
		{2F1E4B7D-BAA6-47FA-9BB7-F7BB01F1489D}.Release|iPhone.ActiveCfg = Release|x86
		{2F1E4B7D-BAA6-47FA-9BB7-F7BB01F1489D}.Release|iPhone.Build.0 = Release|x86
		{2F1E4B7D-BAA6-47FA-9BB7-F7BB01F1489D}.Release|iPhone.Deploy.0 = Release|x86
		{2F1E4B7D-BAA6-47FA-9BB7-F7BB01F1489D}.Release|iPhoneSimulator.ActiveCfg = Release|x86
		{2F1E4B7D-BAA6-47FA-9BB7-F7BB01F1489D}.Release|iPhoneSimulator.Build.0 = Release|x86
		{2F1E4B7D-BAA6-47FA-9BB7-F7BB01F1489D}.Release|iPhoneSimulator.Deploy.0 = Release|x86
		{2F1E4B7D-BAA6-47FA-9BB7-F7BB01F1489D}.Release|x64.ActiveCfg = Release|x64
		{2F1E4B7D-BAA6-47FA-9BB7-F7BB01F1489D}.Release|x64.Build.0 = Release|x64
		{2F1E4B7D-BAA6-47FA-9BB7-F7BB01F1489D}.Release|x64.Deploy.0 = Release|x64
		{2F1E4B7D-BAA6-47FA-9BB7-F7BB01F1489D}.Release|x86.ActiveCfg = Release|x86
		{2F1E4B7D-BAA6-47FA-9BB7-F7BB01F1489D}.Release|x86.Build.0 = Release|x86
		{2F1E4B7D-BAA6-47FA-9BB7-F7BB01F1489D}.Release|x86.Deploy.0 = Release|x86
		{E0E5F23D-E68C-41B8-AF27-B79BFC64FB60}.Debug|Any CPU.ActiveCfg = Debug|Any CPU
		{E0E5F23D-E68C-41B8-AF27-B79BFC64FB60}.Debug|Any CPU.Build.0 = Debug|Any CPU
		{E0E5F23D-E68C-41B8-AF27-B79BFC64FB60}.Debug|Any CPU.Deploy.0 = Debug|Any CPU
		{E0E5F23D-E68C-41B8-AF27-B79BFC64FB60}.Debug|ARM.ActiveCfg = Debug|Any CPU
		{E0E5F23D-E68C-41B8-AF27-B79BFC64FB60}.Debug|ARM.Build.0 = Debug|Any CPU
		{E0E5F23D-E68C-41B8-AF27-B79BFC64FB60}.Debug|ARM.Deploy.0 = Debug|Any CPU
		{E0E5F23D-E68C-41B8-AF27-B79BFC64FB60}.Debug|iPhone.ActiveCfg = Debug|Any CPU
		{E0E5F23D-E68C-41B8-AF27-B79BFC64FB60}.Debug|iPhone.Build.0 = Debug|Any CPU
		{E0E5F23D-E68C-41B8-AF27-B79BFC64FB60}.Debug|iPhone.Deploy.0 = Debug|Any CPU
		{E0E5F23D-E68C-41B8-AF27-B79BFC64FB60}.Debug|iPhoneSimulator.ActiveCfg = Debug|Any CPU
		{E0E5F23D-E68C-41B8-AF27-B79BFC64FB60}.Debug|iPhoneSimulator.Build.0 = Debug|Any CPU
		{E0E5F23D-E68C-41B8-AF27-B79BFC64FB60}.Debug|iPhoneSimulator.Deploy.0 = Debug|Any CPU
		{E0E5F23D-E68C-41B8-AF27-B79BFC64FB60}.Debug|x64.ActiveCfg = Debug|Any CPU
		{E0E5F23D-E68C-41B8-AF27-B79BFC64FB60}.Debug|x64.Build.0 = Debug|Any CPU
		{E0E5F23D-E68C-41B8-AF27-B79BFC64FB60}.Debug|x64.Deploy.0 = Debug|Any CPU
		{E0E5F23D-E68C-41B8-AF27-B79BFC64FB60}.Debug|x86.ActiveCfg = Debug|Any CPU
		{E0E5F23D-E68C-41B8-AF27-B79BFC64FB60}.Debug|x86.Build.0 = Debug|Any CPU
		{E0E5F23D-E68C-41B8-AF27-B79BFC64FB60}.Debug|x86.Deploy.0 = Debug|Any CPU
		{E0E5F23D-E68C-41B8-AF27-B79BFC64FB60}.Release|Any CPU.ActiveCfg = Release|Any CPU
		{E0E5F23D-E68C-41B8-AF27-B79BFC64FB60}.Release|Any CPU.Build.0 = Release|Any CPU
		{E0E5F23D-E68C-41B8-AF27-B79BFC64FB60}.Release|Any CPU.Deploy.0 = Release|Any CPU
		{E0E5F23D-E68C-41B8-AF27-B79BFC64FB60}.Release|ARM.ActiveCfg = Release|Any CPU
		{E0E5F23D-E68C-41B8-AF27-B79BFC64FB60}.Release|ARM.Build.0 = Release|Any CPU
		{E0E5F23D-E68C-41B8-AF27-B79BFC64FB60}.Release|ARM.Deploy.0 = Release|Any CPU
		{E0E5F23D-E68C-41B8-AF27-B79BFC64FB60}.Release|iPhone.ActiveCfg = Release|Any CPU
		{E0E5F23D-E68C-41B8-AF27-B79BFC64FB60}.Release|iPhone.Build.0 = Release|Any CPU
		{E0E5F23D-E68C-41B8-AF27-B79BFC64FB60}.Release|iPhone.Deploy.0 = Release|Any CPU
		{E0E5F23D-E68C-41B8-AF27-B79BFC64FB60}.Release|iPhoneSimulator.ActiveCfg = Release|Any CPU
		{E0E5F23D-E68C-41B8-AF27-B79BFC64FB60}.Release|iPhoneSimulator.Build.0 = Release|Any CPU
		{E0E5F23D-E68C-41B8-AF27-B79BFC64FB60}.Release|iPhoneSimulator.Deploy.0 = Release|Any CPU
		{E0E5F23D-E68C-41B8-AF27-B79BFC64FB60}.Release|x64.ActiveCfg = Release|Any CPU
		{E0E5F23D-E68C-41B8-AF27-B79BFC64FB60}.Release|x64.Build.0 = Release|Any CPU
		{E0E5F23D-E68C-41B8-AF27-B79BFC64FB60}.Release|x64.Deploy.0 = Release|Any CPU
		{E0E5F23D-E68C-41B8-AF27-B79BFC64FB60}.Release|x86.ActiveCfg = Release|Any CPU
		{E0E5F23D-E68C-41B8-AF27-B79BFC64FB60}.Release|x86.Build.0 = Release|Any CPU
		{E0E5F23D-E68C-41B8-AF27-B79BFC64FB60}.Release|x86.Deploy.0 = Release|Any CPU
		{902672C3-A995-44CA-8733-FD02019B2600}.Debug|Any CPU.ActiveCfg = Debug|iPhone
		{902672C3-A995-44CA-8733-FD02019B2600}.Debug|Any CPU.Build.0 = Debug|iPhone
		{902672C3-A995-44CA-8733-FD02019B2600}.Debug|Any CPU.Deploy.0 = Debug|iPhone
		{902672C3-A995-44CA-8733-FD02019B2600}.Debug|ARM.ActiveCfg = Debug|iPhoneSimulator
		{902672C3-A995-44CA-8733-FD02019B2600}.Debug|ARM.Build.0 = Debug|iPhoneSimulator
		{902672C3-A995-44CA-8733-FD02019B2600}.Debug|ARM.Deploy.0 = Debug|iPhoneSimulator
		{902672C3-A995-44CA-8733-FD02019B2600}.Debug|iPhone.ActiveCfg = Debug|iPhone
		{902672C3-A995-44CA-8733-FD02019B2600}.Debug|iPhone.Build.0 = Debug|iPhone
		{902672C3-A995-44CA-8733-FD02019B2600}.Debug|iPhone.Deploy.0 = Debug|iPhone
		{902672C3-A995-44CA-8733-FD02019B2600}.Debug|iPhoneSimulator.ActiveCfg = Debug|iPhoneSimulator
		{902672C3-A995-44CA-8733-FD02019B2600}.Debug|iPhoneSimulator.Build.0 = Debug|iPhoneSimulator
		{902672C3-A995-44CA-8733-FD02019B2600}.Debug|iPhoneSimulator.Deploy.0 = Debug|iPhoneSimulator
		{902672C3-A995-44CA-8733-FD02019B2600}.Debug|x64.ActiveCfg = Debug|iPhone
		{902672C3-A995-44CA-8733-FD02019B2600}.Debug|x64.Build.0 = Debug|iPhone
		{902672C3-A995-44CA-8733-FD02019B2600}.Debug|x64.Deploy.0 = Debug|iPhone
		{902672C3-A995-44CA-8733-FD02019B2600}.Debug|x86.ActiveCfg = Debug|iPhone
		{902672C3-A995-44CA-8733-FD02019B2600}.Debug|x86.Build.0 = Debug|iPhone
		{902672C3-A995-44CA-8733-FD02019B2600}.Debug|x86.Deploy.0 = Debug|iPhone
		{902672C3-A995-44CA-8733-FD02019B2600}.Release|Any CPU.ActiveCfg = Release|iPhone
		{902672C3-A995-44CA-8733-FD02019B2600}.Release|Any CPU.Build.0 = Release|iPhone
		{902672C3-A995-44CA-8733-FD02019B2600}.Release|Any CPU.Deploy.0 = Release|iPhone
		{902672C3-A995-44CA-8733-FD02019B2600}.Release|ARM.ActiveCfg = Release|iPhone
		{902672C3-A995-44CA-8733-FD02019B2600}.Release|ARM.Build.0 = Release|iPhone
		{902672C3-A995-44CA-8733-FD02019B2600}.Release|ARM.Deploy.0 = Release|iPhone
		{902672C3-A995-44CA-8733-FD02019B2600}.Release|iPhone.ActiveCfg = Release|iPhone
		{902672C3-A995-44CA-8733-FD02019B2600}.Release|iPhone.Build.0 = Release|iPhone
		{902672C3-A995-44CA-8733-FD02019B2600}.Release|iPhone.Deploy.0 = Release|iPhone
		{902672C3-A995-44CA-8733-FD02019B2600}.Release|iPhoneSimulator.ActiveCfg = Release|iPhoneSimulator
		{902672C3-A995-44CA-8733-FD02019B2600}.Release|iPhoneSimulator.Build.0 = Release|iPhoneSimulator
		{902672C3-A995-44CA-8733-FD02019B2600}.Release|iPhoneSimulator.Deploy.0 = Release|iPhoneSimulator
		{902672C3-A995-44CA-8733-FD02019B2600}.Release|x64.ActiveCfg = Release|iPhone
		{902672C3-A995-44CA-8733-FD02019B2600}.Release|x64.Build.0 = Release|iPhone
		{902672C3-A995-44CA-8733-FD02019B2600}.Release|x64.Deploy.0 = Release|iPhone
		{902672C3-A995-44CA-8733-FD02019B2600}.Release|x86.ActiveCfg = Release|iPhone
		{902672C3-A995-44CA-8733-FD02019B2600}.Release|x86.Build.0 = Release|iPhone
		{902672C3-A995-44CA-8733-FD02019B2600}.Release|x86.Deploy.0 = Release|iPhone
		{8E48A4B9-C4E0-4335-83E2-DDA92857B764}.Debug|Any CPU.ActiveCfg = Debug|Any CPU
		{8E48A4B9-C4E0-4335-83E2-DDA92857B764}.Debug|Any CPU.Build.0 = Debug|Any CPU
		{8E48A4B9-C4E0-4335-83E2-DDA92857B764}.Debug|Any CPU.Deploy.0 = Debug|Any CPU
		{8E48A4B9-C4E0-4335-83E2-DDA92857B764}.Debug|ARM.ActiveCfg = Debug|Any CPU
		{8E48A4B9-C4E0-4335-83E2-DDA92857B764}.Debug|ARM.Build.0 = Debug|Any CPU
		{8E48A4B9-C4E0-4335-83E2-DDA92857B764}.Debug|ARM.Deploy.0 = Debug|Any CPU
		{8E48A4B9-C4E0-4335-83E2-DDA92857B764}.Debug|iPhone.ActiveCfg = Debug|Any CPU
		{8E48A4B9-C4E0-4335-83E2-DDA92857B764}.Debug|iPhone.Build.0 = Debug|Any CPU
		{8E48A4B9-C4E0-4335-83E2-DDA92857B764}.Debug|iPhone.Deploy.0 = Debug|Any CPU
		{8E48A4B9-C4E0-4335-83E2-DDA92857B764}.Debug|iPhoneSimulator.ActiveCfg = Debug|Any CPU
		{8E48A4B9-C4E0-4335-83E2-DDA92857B764}.Debug|iPhoneSimulator.Build.0 = Debug|Any CPU
		{8E48A4B9-C4E0-4335-83E2-DDA92857B764}.Debug|iPhoneSimulator.Deploy.0 = Debug|Any CPU
		{8E48A4B9-C4E0-4335-83E2-DDA92857B764}.Debug|x64.ActiveCfg = Debug|Any CPU
		{8E48A4B9-C4E0-4335-83E2-DDA92857B764}.Debug|x64.Build.0 = Debug|Any CPU
		{8E48A4B9-C4E0-4335-83E2-DDA92857B764}.Debug|x64.Deploy.0 = Debug|Any CPU
		{8E48A4B9-C4E0-4335-83E2-DDA92857B764}.Debug|x86.ActiveCfg = Debug|Any CPU
		{8E48A4B9-C4E0-4335-83E2-DDA92857B764}.Debug|x86.Build.0 = Debug|Any CPU
		{8E48A4B9-C4E0-4335-83E2-DDA92857B764}.Debug|x86.Deploy.0 = Debug|Any CPU
		{8E48A4B9-C4E0-4335-83E2-DDA92857B764}.Release|Any CPU.ActiveCfg = Release|Any CPU
		{8E48A4B9-C4E0-4335-83E2-DDA92857B764}.Release|Any CPU.Build.0 = Release|Any CPU
		{8E48A4B9-C4E0-4335-83E2-DDA92857B764}.Release|Any CPU.Deploy.0 = Release|Any CPU
		{8E48A4B9-C4E0-4335-83E2-DDA92857B764}.Release|ARM.ActiveCfg = Release|Any CPU
		{8E48A4B9-C4E0-4335-83E2-DDA92857B764}.Release|ARM.Build.0 = Release|Any CPU
		{8E48A4B9-C4E0-4335-83E2-DDA92857B764}.Release|ARM.Deploy.0 = Release|Any CPU
		{8E48A4B9-C4E0-4335-83E2-DDA92857B764}.Release|iPhone.ActiveCfg = Release|Any CPU
		{8E48A4B9-C4E0-4335-83E2-DDA92857B764}.Release|iPhone.Build.0 = Release|Any CPU
		{8E48A4B9-C4E0-4335-83E2-DDA92857B764}.Release|iPhone.Deploy.0 = Release|Any CPU
		{8E48A4B9-C4E0-4335-83E2-DDA92857B764}.Release|iPhoneSimulator.ActiveCfg = Release|Any CPU
		{8E48A4B9-C4E0-4335-83E2-DDA92857B764}.Release|iPhoneSimulator.Build.0 = Release|Any CPU
		{8E48A4B9-C4E0-4335-83E2-DDA92857B764}.Release|iPhoneSimulator.Deploy.0 = Release|Any CPU
		{8E48A4B9-C4E0-4335-83E2-DDA92857B764}.Release|x64.ActiveCfg = Release|Any CPU
		{8E48A4B9-C4E0-4335-83E2-DDA92857B764}.Release|x64.Build.0 = Release|Any CPU
		{8E48A4B9-C4E0-4335-83E2-DDA92857B764}.Release|x64.Deploy.0 = Release|Any CPU
		{8E48A4B9-C4E0-4335-83E2-DDA92857B764}.Release|x86.ActiveCfg = Release|Any CPU
		{8E48A4B9-C4E0-4335-83E2-DDA92857B764}.Release|x86.Build.0 = Release|Any CPU
		{8E48A4B9-C4E0-4335-83E2-DDA92857B764}.Release|x86.Deploy.0 = Release|Any CPU
	EndGlobalSection
	GlobalSection(SolutionProperties) = preSolution
		HideSolutionNode = FALSE
	EndGlobalSection
	GlobalSection(ExtensibilityGlobals) = postSolution
		SolutionGuid = {6FFD4F59-7310-4158-98BB-4E3E453855BE}
	EndGlobalSection
EndGlobal
